
Microsoft Visual Studio Solution File, Format Version 12.00
# Visual Studio 15
VisualStudioVersion = 15.0.26730.16
MinimumVisualStudioVersion = 10.0.40219.1
Project("{FAE04EC0-301F-11D3-BF4B-00C04F79EFBC}") = "Bataille navale GitHub", "Bataille navale GitHub\Bataille navale GitHub.csproj", "{610268DF-3AC2-4217-87C6-288AD8DA5AB9}"
EndProject
Global
	GlobalSection(SolutionConfigurationPlatforms) = preSolution
		Debug|Any CPU = Debug|Any CPU
		Release|Any CPU = Release|Any CPU
	EndGlobalSection
	GlobalSection(ProjectConfigurationPlatforms) = postSolution
		{610268DF-3AC2-4217-87C6-288AD8DA5AB9}.Debug|Any CPU.ActiveCfg = Debug|Any CPU
		{610268DF-3AC2-4217-87C6-288AD8DA5AB9}.Debug|Any CPU.Build.0 = Debug|Any CPU
		{610268DF-3AC2-4217-87C6-288AD8DA5AB9}.Release|Any CPU.ActiveCfg = Release|Any CPU
		{610268DF-3AC2-4217-87C6-288AD8DA5AB9}.Release|Any CPU.Build.0 = Release|Any CPU
	EndGlobalSection
	GlobalSection(SolutionProperties) = preSolution
		HideSolutionNode = FALSE
	EndGlobalSection
	GlobalSection(ExtensibilityGlobals) = postSolution
		SolutionGuid = {6DBA38A4-E523-4C19-AC49-6C94AAB0972B}
	EndGlobalSection
EndGlobal
